{
  "name": "the-cookie-eater",
  "lockfileVersion": 3,
  "requires": true,
  "packages": {
    "": {
      "dependencies": {
        "chrome-types": "^0.1.365"
      }
    },
    "node_modules/chrome-types": {
      "version": "0.1.365",
      "resolved": "https://registry.npmjs.org/chrome-types/-/chrome-types-0.1.365.tgz",
      "integrity": "sha512-ciEggp8/Gr8FqnZR6k19TTSR/UxROI/qmqyPERQJx2f9t+zAkKmR89SgZ2DmLxlhQmF6KL+8/U+cSE1J7aQSTQ==",
      "license": "Apache-2.0"
    }
  }
}
